
Microsoft Visual Studio Solution File, Format Version 12.00
# Visual Studio 14
VisualStudioVersion = 14.0.24720.0
MinimumVisualStudioVersion = 10.0.40219.1
Project("{FAE04EC0-301F-11D3-BF4B-00C04F79EFBC}") = "Observer", "Observer\Observer.csproj", "{4E986FBA-715A-46E9-90D8-ECC84CEBBD38}"
EndProject
Project("{FAE04EC0-301F-11D3-BF4B-00C04F79EFBC}") = "Strategy", "Strategy\Strategy.csproj", "{6C8B263A-3E59-4F9E-8516-BEB90FCF48FA}"
EndProject
Project("{FAE04EC0-301F-11D3-BF4B-00C04F79EFBC}") = "Decorator", "Decorator\Decorator.csproj", "{02A063ED-D9A8-481A-A913-B29A51540842}"
EndProject
Project("{FAE04EC0-301F-11D3-BF4B-00C04F79EFBC}") = "AbstractFactory", "AbstractFactory\AbstractFactory.csproj", "{D2614119-2700-4ABB-8752-5EAEA43F7A5F}"
EndProject
Project("{FAE04EC0-301F-11D3-BF4B-00C04F79EFBC}") = "FactoryMethod", "FactoryMethod\FactoryMethod.csproj", "{69E3D26B-2B21-4ED7-B9A2-242FA3270514}"
EndProject
Project("{FAE04EC0-301F-11D3-BF4B-00C04F79EFBC}") = "Singleton", "Singleton\Singleton.csproj", "{FA0D45B5-D7A2-434B-BE0C-56AFBE01429A}"
EndProject
Project("{FAE04EC0-301F-11D3-BF4B-00C04F79EFBC}") = "Command", "Command\Command.csproj", "{E4BDF86B-D041-4C18-A057-0662B3F29335}"
EndProject
Project("{FAE04EC0-301F-11D3-BF4B-00C04F79EFBC}") = "Adapter", "Adapter\Adapter.csproj", "{EA28069F-2EAD-4811-8FBB-D6B7CE976C0B}"
EndProject
Project("{FAE04EC0-301F-11D3-BF4B-00C04F79EFBC}") = "Facade", "Facade\Facade.csproj", "{94A6E862-6A3A-4F36-A973-0B688E61B17A}"
EndProject
Project("{FAE04EC0-301F-11D3-BF4B-00C04F79EFBC}") = "TemplateMethod", "TemplateMethod\TemplateMethod.csproj", "{B18CDE50-5ACB-4BC6-87D0-0A654D533E39}"
EndProject
Project("{FAE04EC0-301F-11D3-BF4B-00C04F79EFBC}") = "Iterator", "Iterator\Iterator.csproj", "{8F90D3E0-932F-4DEE-B387-D7574BDA04EA}"
EndProject
Project("{FAE04EC0-301F-11D3-BF4B-00C04F79EFBC}") = "Composite", "Composite\Composite.csproj", "{E09C3C38-9439-41E1-B17A-2A4373DB7846}"
EndProject
Global
	GlobalSection(SolutionConfigurationPlatforms) = preSolution
		Debug|Any CPU = Debug|Any CPU
		Release|Any CPU = Release|Any CPU
	EndGlobalSection
	GlobalSection(ProjectConfigurationPlatforms) = postSolution
		{4E986FBA-715A-46E9-90D8-ECC84CEBBD38}.Debug|Any CPU.ActiveCfg = Debug|Any CPU
		{4E986FBA-715A-46E9-90D8-ECC84CEBBD38}.Debug|Any CPU.Build.0 = Debug|Any CPU
		{4E986FBA-715A-46E9-90D8-ECC84CEBBD38}.Release|Any CPU.ActiveCfg = Release|Any CPU
		{4E986FBA-715A-46E9-90D8-ECC84CEBBD38}.Release|Any CPU.Build.0 = Release|Any CPU
		{6C8B263A-3E59-4F9E-8516-BEB90FCF48FA}.Debug|Any CPU.ActiveCfg = Debug|Any CPU
		{6C8B263A-3E59-4F9E-8516-BEB90FCF48FA}.Debug|Any CPU.Build.0 = Debug|Any CPU
		{6C8B263A-3E59-4F9E-8516-BEB90FCF48FA}.Release|Any CPU.ActiveCfg = Release|Any CPU
		{6C8B263A-3E59-4F9E-8516-BEB90FCF48FA}.Release|Any CPU.Build.0 = Release|Any CPU
		{02A063ED-D9A8-481A-A913-B29A51540842}.Debug|Any CPU.ActiveCfg = Debug|Any CPU
		{02A063ED-D9A8-481A-A913-B29A51540842}.Debug|Any CPU.Build.0 = Debug|Any CPU
		{02A063ED-D9A8-481A-A913-B29A51540842}.Release|Any CPU.ActiveCfg = Release|Any CPU
		{02A063ED-D9A8-481A-A913-B29A51540842}.Release|Any CPU.Build.0 = Release|Any CPU
		{D2614119-2700-4ABB-8752-5EAEA43F7A5F}.Debug|Any CPU.ActiveCfg = Debug|Any CPU
		{D2614119-2700-4ABB-8752-5EAEA43F7A5F}.Debug|Any CPU.Build.0 = Debug|Any CPU
		{D2614119-2700-4ABB-8752-5EAEA43F7A5F}.Release|Any CPU.ActiveCfg = Release|Any CPU
		{D2614119-2700-4ABB-8752-5EAEA43F7A5F}.Release|Any CPU.Build.0 = Release|Any CPU
		{69E3D26B-2B21-4ED7-B9A2-242FA3270514}.Debug|Any CPU.ActiveCfg = Debug|Any CPU
		{69E3D26B-2B21-4ED7-B9A2-242FA3270514}.Debug|Any CPU.Build.0 = Debug|Any CPU
		{69E3D26B-2B21-4ED7-B9A2-242FA3270514}.Release|Any CPU.ActiveCfg = Release|Any CPU
		{69E3D26B-2B21-4ED7-B9A2-242FA3270514}.Release|Any CPU.Build.0 = Release|Any CPU
		{FA0D45B5-D7A2-434B-BE0C-56AFBE01429A}.Debug|Any CPU.ActiveCfg = Debug|Any CPU
		{FA0D45B5-D7A2-434B-BE0C-56AFBE01429A}.Debug|Any CPU.Build.0 = Debug|Any CPU
		{FA0D45B5-D7A2-434B-BE0C-56AFBE01429A}.Release|Any CPU.ActiveCfg = Release|Any CPU
		{FA0D45B5-D7A2-434B-BE0C-56AFBE01429A}.Release|Any CPU.Build.0 = Release|Any CPU
		{E4BDF86B-D041-4C18-A057-0662B3F29335}.Debug|Any CPU.ActiveCfg = Debug|Any CPU
		{E4BDF86B-D041-4C18-A057-0662B3F29335}.Debug|Any CPU.Build.0 = Debug|Any CPU
		{E4BDF86B-D041-4C18-A057-0662B3F29335}.Release|Any CPU.ActiveCfg = Release|Any CPU
		{E4BDF86B-D041-4C18-A057-0662B3F29335}.Release|Any CPU.Build.0 = Release|Any CPU
		{EA28069F-2EAD-4811-8FBB-D6B7CE976C0B}.Debug|Any CPU.ActiveCfg = Debug|Any CPU
		{EA28069F-2EAD-4811-8FBB-D6B7CE976C0B}.Debug|Any CPU.Build.0 = Debug|Any CPU
		{EA28069F-2EAD-4811-8FBB-D6B7CE976C0B}.Release|Any CPU.ActiveCfg = Release|Any CPU
		{EA28069F-2EAD-4811-8FBB-D6B7CE976C0B}.Release|Any CPU.Build.0 = Release|Any CPU
		{94A6E862-6A3A-4F36-A973-0B688E61B17A}.Debug|Any CPU.ActiveCfg = Debug|Any CPU
		{94A6E862-6A3A-4F36-A973-0B688E61B17A}.Debug|Any CPU.Build.0 = Debug|Any CPU
		{94A6E862-6A3A-4F36-A973-0B688E61B17A}.Release|Any CPU.ActiveCfg = Release|Any CPU
		{94A6E862-6A3A-4F36-A973-0B688E61B17A}.Release|Any CPU.Build.0 = Release|Any CPU
		{B18CDE50-5ACB-4BC6-87D0-0A654D533E39}.Debug|Any CPU.ActiveCfg = Debug|Any CPU
		{B18CDE50-5ACB-4BC6-87D0-0A654D533E39}.Debug|Any CPU.Build.0 = Debug|Any CPU
		{B18CDE50-5ACB-4BC6-87D0-0A654D533E39}.Release|Any CPU.ActiveCfg = Release|Any CPU
		{B18CDE50-5ACB-4BC6-87D0-0A654D533E39}.Release|Any CPU.Build.0 = Release|Any CPU
		{8F90D3E0-932F-4DEE-B387-D7574BDA04EA}.Debug|Any CPU.ActiveCfg = Debug|Any CPU
		{8F90D3E0-932F-4DEE-B387-D7574BDA04EA}.Debug|Any CPU.Build.0 = Debug|Any CPU
		{8F90D3E0-932F-4DEE-B387-D7574BDA04EA}.Release|Any CPU.ActiveCfg = Release|Any CPU
		{8F90D3E0-932F-4DEE-B387-D7574BDA04EA}.Release|Any CPU.Build.0 = Release|Any CPU
		{E09C3C38-9439-41E1-B17A-2A4373DB7846}.Debug|Any CPU.ActiveCfg = Debug|Any CPU
		{E09C3C38-9439-41E1-B17A-2A4373DB7846}.Debug|Any CPU.Build.0 = Debug|Any CPU
		{E09C3C38-9439-41E1-B17A-2A4373DB7846}.Release|Any CPU.ActiveCfg = Release|Any CPU
		{E09C3C38-9439-41E1-B17A-2A4373DB7846}.Release|Any CPU.Build.0 = Release|Any CPU
	EndGlobalSection
	GlobalSection(SolutionProperties) = preSolution
		HideSolutionNode = FALSE
	EndGlobalSection
EndGlobal
